lockfileVersion: '9.0'

settings:
  autoInstallPeers: true
  excludeLinksFromLockfile: false

importers:

  .:
    dependencies:
      '@aws-sdk/client-dynamodb':
        specifier: 3.428.0
        version: 3.428.0
      '@aws-sdk/lib-dynamodb':
        specifier: 3.428.0
        version: 3.428.0(@aws-sdk/client-dynamodb@3.428.0)
      '@types/node':
        specifier: 22.5.4
        version: 22.5.4
      '@types/uuid':
        specifier: ^9.0.6
        version: 9.0.8
    devDependencies:
      aws-cdk:
        specifier: 2.160.0
        version: 2.160.0
      ts-node:
        specifier: ^10.9.2
        version: 10.9.2(@types/node@22.5.4)(typescript@5.6.2)
      typescript:
        specifier: ~5.6.2
        version: 5.6.2

packages:

  '@aws-crypto/ie11-detection@3.0.0':
    resolution: {integrity: sha512-341lBBkiY1DfDNKai/wXM3aujNBkXR7tq1URPQDL9wi3AUbI80NR74uF1TXHMm7po1AcnFk8iu2S2IeU/+/A+Q==}

  '@aws-crypto/sha256-browser@3.0.0':
    resolution: {integrity: sha512-8VLmW2B+gjFbU5uMeqtQM6Nj0/F1bro80xQXCW6CQBWgosFWXTx77aeOF5CAIAmbOK64SdMBJdNr6J41yP5mvQ==}

  '@aws-crypto/sha256-js@3.0.0':
    resolution: {integrity: sha512-PnNN7os0+yd1XvXAy23CFOmTbMaDxgxXtTKHybrJ39Y8kGzBATgBFibWJKH6BhytLI/Zyszs87xCOBNyBig6vQ==}

  '@aws-crypto/supports-web-crypto@3.0.0':
    resolution: {integrity: sha512-06hBdMwUAb2WFTuGG73LSC0wfPu93xWwo5vL2et9eymgmu3Id5vFAHBbajVWiGhPO37qcsdCap/FqXvJGJWPIg==}

  '@aws-crypto/util@3.0.0':
    resolution: {integrity: sha512-2OJlpeJpCR48CC8r+uKVChzs9Iungj9wkZrl8Z041DWEWvyIHILYKCPNzJghKsivj+S3mLo6BVc7mBNzdxA46w==}

  '@aws-sdk/client-dynamodb@3.428.0':
    resolution: {integrity: sha512-GhBDNLLP+aI13E6RoJmNbtncYX9Qaew0wEcVCdylWfSf6tZD7/oEgBWPBJlbX8F3ax0NmTHX1rINSEu7u3ipsg==}
    engines: {node: '>=14.0.0'}

  '@aws-sdk/client-sso@3.428.0':
    resolution: {integrity: sha512-6BuY7cd1licnCZTKuI/IK3ycKATIgsG53TuaK1hZcikwUB2Oiu2z6K+aWpmO9mJuJ6qAoE4dLlAy6lBBBkG6yQ==}
    engines: {node: '>=14.0.0'}

  '@aws-sdk/client-sts@3.428.0':
    resolution: {integrity: sha512-ko9hgmIkS5FNPYtT3pntGGmp+yi+VXBEgePUBoplEKjCxsX/aTgFcq2Rs9duD9/CzkThd42Z0l0fWsVAErVxWQ==}
    engines: {node: '>=14.0.0'}

  '@aws-sdk/credential-provider-env@3.428.0':
    resolution: {integrity: sha512-e6fbY174Idzw0r5ZMT1qkDh+dpOp1DX3ickhr7J6ipo3cUGLI45Y5lnR9nYXWfB5o/wiNv4zXgN+Y3ORJJHzyA==}
    engines: {node: '>=14.0.0'}

  '@aws-sdk/credential-provider-ini@3.428.0':
    resolution: {integrity: sha512-JPc0pVAsP8fOfMxhmPhp7PjddqHaPGBwgVI+wgbkFRUDOmeKCVhoxCB8Womx0R07qRqD5ZCUKBS2NHQ2b3MFRQ==}
    engines: {node: '>=14.0.0'}

  '@aws-sdk/credential-provider-node@3.428.0':
    resolution: {integrity: sha512-o8toLXf6/sklBpw2e1mzAUq6SvXQzT6iag7Xbg9E0Z2EgVeXLTnWeVto3ilU3cmhTHXBp6wprwUUq2jbjTxMcg==}
    engines: {node: '>=14.0.0'}

  '@aws-sdk/credential-provider-process@3.428.0':
    resolution: {integrity: sha512-UG2S2/4Wrskbkbgt9fBlnzwQ2hfTXvLJwUgGOluSOf6+mGCcoDku4zzc9EQdk1MwN5Us+ziyMrIMNY5sbdLg6g==}
    engines: {node: '>=14.0.0'}

  '@aws-sdk/credential-provider-sso@3.428.0':
    resolution: {integrity: sha512-sW2+kSlICSNntsNhLV5apqJkIOXH5hFISCjwVfyB9JXJQDAj8rzkiFfRsKwQ3aTlTYCysrGesIn46+GRP5AgZw==}
    engines: {node: '>=14.0.0'}

  '@aws-sdk/credential-provider-web-identity@3.428.0':
    resolution: {integrity: sha512-ueuUPPlrJFvtDUVTGnClUGt1wxCbEiKArknah/w9cfcc/c1HtFd/M7x/z2Sm0gSItR45sVcK54qjzmhm29DMzg==}
    engines: {node: '>=14.0.0'}

  '@aws-sdk/endpoint-cache@3.310.0':
    resolution: {integrity: sha512-y3wipforet41EDTI0vnzxILqwAGll1KfI5qcdX9pXF/WF1f+3frcOtPiWtQEZQpy4czRogKm3BHo70QBYAZxlQ==}
    engines: {node: '>=14.0.0'}

  '@aws-sdk/lib-dynamodb@3.428.0':
    resolution: {integrity: sha512-oFcQthOC6qmMfiR5JGQ9gsRCAlQDdeLg/v5c1tlGhdfqgIvHnSIPmbJ/y0V6O+isIeNuJvQ9gMe3P/N5gyHfxg==}
    engines: {node: '>=14.0.0'}
    peerDependencies:
      '@aws-sdk/client-dynamodb': ^3.0.0

  '@aws-sdk/middleware-endpoint-discovery@3.428.0':
    resolution: {integrity: sha512-hVH21CFSgFTB6g+6q+POA+1UfIJEUv6RAl/PnsOdH2pQXmTKBVTilw2/sqY+8N1wOy6K++c/r3qCf4BzYqBbQA==}
    engines: {node: '>=14.0.0'}

  '@aws-sdk/middleware-host-header@3.428.0':
    resolution: {integrity: sha512-iIHbW5Ym60ol9Q6vsLnaiNdeUIa9DA0OuoOe9LiHC8SYUYVAAhE+xJXUhn1qk/J7z+4qGOkDnVyEvnSaqRPL/w==}
    engines: {node: '>=14.0.0'}

  '@aws-sdk/middleware-logger@3.428.0':
    resolution: {integrity: sha512-1P0V0quL9u2amdNOn6yYT7/ToQUmkLJqCKHPxsRyDB829vBThWndvvH5MkoItj/VgE1zWqMtrzN3xtzD7zx6Qg==}
    engines: {node: '>=14.0.0'}

  '@aws-sdk/middleware-recursion-detection@3.428.0':
    resolution: {integrity: sha512-xC0OMduCByyRdiQz324RXy4kunnCG4LUJCfvdoegM33Elp9ex0D3fcfO1mUgV8qiLwSennIsSRVXHuhNxE2HZA==}
    engines: {node: '>=14.0.0'}

  '@aws-sdk/middleware-sdk-sts@3.428.0':
    resolution: {integrity: sha512-Uutl2niYXTnNP8v84v6umWDHD5no7d5/OqkZE1DsmeKR/dje90J5unJWf7MOsqvYm0JGDEWF4lk9xGVyqsw+Aw==}
    engines: {node: '>=14.0.0'}

  '@aws-sdk/middleware-signing@3.428.0':
    resolution: {integrity: sha512-oMSerTPwtsQAR7fIU/G0b0BA30wF+MC4gZSrJjbypF8MK8nPC2yMfKLR8+QavGOGEW7rUMQ0uklThMTTwQEXNQ==}
    engines: {node: '>=14.0.0'}

  '@aws-sdk/middleware-user-agent@3.428.0':
    resolution: {integrity: sha512-+GAhObeHRick2D5jr3YkPckjcggt5v6uUVtEUQW2AdD65cE5PjIvmksv6FuM/mME/9nNA+wufQnHbLI8teLeaw==}
    engines: {node: '>=14.0.0'}

  '@aws-sdk/region-config-resolver@3.428.0':
    resolution: {integrity: sha512-VqyHZ/Hoz3WrXXMx8cAhFBl8IpjodbRsTjBI117QPq1YRCegxNdGvqmGZnJj8N2Ef9MP1iU30ZWQB+sviDcogA==}
    engines: {node: '>=14.0.0'}

  '@aws-sdk/token-providers@3.428.0':
    resolution: {integrity: sha512-Jciofr//rB1v1FLxADkXoHOCmYyiv2HVNlOq3z5Zkch9ipItOfD6X7f4G4n+IZzElIFzwe4OKoBtJfcnnfo3Pg==}
    engines: {node: '>=14.0.0'}

  '@aws-sdk/types@3.428.0':
    resolution: {integrity: sha512-4T0Ps2spjg3qbWE6ZK13Vd3FnzpfliaiotqjxUK5YhjDrKXeT36HJp46JhDupElQuHtTkpdiJOSYk2lvY2H4IA==}
    engines: {node: '>=14.0.0'}

  '@aws-sdk/util-dynamodb@3.428.0':
    resolution: {integrity: sha512-zW7Ml4qDx/bskJ6kWmdcavfnvZXg4i+ZBvHeXlHBZMn7B0wVAowuGeL3Rvr8Ee68R1D7PP+lSFluKGDPYGLgYA==}
    engines: {node: '>=14.0.0'}
    peerDependencies:
      '@aws-sdk/client-dynamodb': ^3.0.0

  '@aws-sdk/util-endpoints@3.428.0':
    resolution: {integrity: sha512-ToKMhYlUWJ0YrbggpJLZeyZZNDXtQ4NITxqo/oeGltTT9KG4o/LqVY59EveV0f8P32ObDyj9Vh1mnjxeo3DxGw==}
    engines: {node: '>=14.0.0'}

  '@aws-sdk/util-locate-window@3.568.0':
    resolution: {integrity: sha512-3nh4TINkXYr+H41QaPelCceEB2FXP3fxp93YZXB/kqJvX0U9j0N0Uk45gvsjmEPzG8XxkPEeLIfT2I1M7A6Lig==}
    engines: {node: '>=16.0.0'}

  '@aws-sdk/util-user-agent-browser@3.428.0':
    resolution: {integrity: sha512-qlc2UoGsmCpuh1ErY3VayZuAGl74TWWcLmhhQMkeByFSb6KooBlwOmDpDzJRtgwJoe0KXnyHBO6lzl9iczcozg==}

  '@aws-sdk/util-user-agent-node@3.428.0':
    resolution: {integrity: sha512-s721C3H8TkNd0usWLPEAy7yW2lEglR8QAYojdQGzE0e0wymc671nZAFePSZFRtmqZiFOSfk0R602L5fDbP3a8Q==}
    engines: {node: '>=14.0.0'}
    peerDependencies:
      aws-crt: '>=1.0.0'
    peerDependenciesMeta:
      aws-crt:
        optional: true

  '@aws-sdk/util-utf8-browser@3.259.0':
    resolution: {integrity: sha512-UvFa/vR+e19XookZF8RzFZBrw2EUkQWxiBW0yYQAhvk3C+QVGl0H3ouca8LDBlBfQKXwmW3huo/59H8rwb1wJw==}

  '@cspotcode/source-map-support@0.8.1':
    resolution: {integrity: sha512-IchNf6dN4tHoMFIn/7OE8LWZ19Y6q/67Bmf6vnGREv8RSbBVb9LPJxEcnwrcwX6ixSvaiGoomAUvu4YSxXrVgw==}
    engines: {node: '>=12'}

  '@jridgewell/resolve-uri@3.1.2':
    resolution: {integrity: sha512-bRISgCIjP20/tbWSPWMEi54QVPRZExkuD9lJL+UIxUKtwVJA8wW1Trb1jMs1RFXo1CBTNZ/5hpC9QvmKWdopKw==}
    engines: {node: '>=6.0.0'}

  '@jridgewell/sourcemap-codec@1.5.0':
    resolution: {integrity: sha512-gv3ZRaISU3fjPAgNsriBRqGWQL6quFx04YMPW/zD8XMLsU32mhCCbfbO6KZFLjvYpCZ8zyDEgqsgf+PwPaM7GQ==}

  '@jridgewell/trace-mapping@0.3.9':
    resolution: {integrity: sha512-3Belt6tdc8bPgAtbcmdtNJlirVoTmEb5e2gC94PnkwEW9jI6CAHUeoG85tjWP5WquqfavoMtMwiG4P926ZKKuQ==}

  '@smithy/abort-controller@2.2.0':
    resolution: {integrity: sha512-wRlta7GuLWpTqtFfGo+nZyOO1vEvewdNR1R4rTxpC8XU6vG/NDyrFBhwLZsqg1NUoR1noVaXJPC/7ZK47QCySw==}
    engines: {node: '>=14.0.0'}

  '@smithy/config-resolver@2.2.0':
    resolution: {integrity: sha512-fsiMgd8toyUba6n1WRmr+qACzXltpdDkPTAaDqc8QqPBUzO+/JKwL6bUBseHVi8tu9l+3JOK+tSf7cay+4B3LA==}
    engines: {node: '>=14.0.0'}

  '@smithy/credential-provider-imds@2.3.0':
    resolution: {integrity: sha512-BWB9mIukO1wjEOo1Ojgl6LrG4avcaC7T/ZP6ptmAaW4xluhSIPZhY+/PI5YKzlk+jsm+4sQZB45Bt1OfMeQa3w==}
    engines: {node: '>=14.0.0'}

  '@smithy/fetch-http-handler@2.5.0':
    resolution: {integrity: sha512-BOWEBeppWhLn/no/JxUL/ghTfANTjT7kg3Ww2rPqTUY9R4yHPXxJ9JhMe3Z03LN3aPwiwlpDIUcVw1xDyHqEhw==}

  '@smithy/hash-node@2.2.0':
    resolution: {integrity: sha512-zLWaC/5aWpMrHKpoDF6nqpNtBhlAYKF/7+9yMN7GpdR8CzohnWfGtMznPybnwSS8saaXBMxIGwJqR4HmRp6b3g==}
    engines: {node: '>=14.0.0'}

  '@smithy/invalid-dependency@2.2.0':
    resolution: {integrity: sha512-nEDASdbKFKPXN2O6lOlTgrEEOO9NHIeO+HVvZnkqc8h5U9g3BIhWsvzFo+UcUbliMHvKNPD/zVxDrkP1Sbgp8Q==}

  '@smithy/is-array-buffer@2.2.0':
    resolution: {integrity: sha512-GGP3O9QFD24uGeAXYUjwSTXARoqpZykHadOmA8G5vfJPK0/DC67qa//0qvqrJzL1xc8WQWX7/yc7fwudjPHPhA==}
    engines: {node: '>=14.0.0'}

  '@smithy/middleware-content-length@2.2.0':
    resolution: {integrity: sha512-5bl2LG1Ah/7E5cMSC+q+h3IpVHMeOkG0yLRyQT1p2aMJkSrZG7RlXHPuAgb7EyaFeidKEnnd/fNaLLaKlHGzDQ==}
    engines: {node: '>=14.0.0'}

  '@smithy/middleware-endpoint@2.5.1':
    resolution: {integrity: sha512-1/8kFp6Fl4OsSIVTWHnNjLnTL8IqpIb/D3sTSczrKFnrE9VMNWxnrRKNvpUHOJ6zpGD5f62TPm7+17ilTJpiCQ==}
    engines: {node: '>=14.0.0'}

  '@smithy/middleware-retry@2.3.1':
    resolution: {integrity: sha512-P2bGufFpFdYcWvqpyqqmalRtwFUNUA8vHjJR5iGqbfR6mp65qKOLcUd6lTr4S9Gn/enynSrSf3p3FVgVAf6bXA==}
    engines: {node: '>=14.0.0'}

  '@smithy/middleware-serde@2.3.0':
    resolution: {integrity: sha512-sIADe7ojwqTyvEQBe1nc/GXB9wdHhi9UwyX0lTyttmUWDJLP655ZYE1WngnNyXREme8I27KCaUhyhZWRXL0q7Q==}
    engines: {node: '>=14.0.0'}

  '@smithy/middleware-stack@2.2.0':
    resolution: {integrity: sha512-Qntc3jrtwwrsAC+X8wms8zhrTr0sFXnyEGhZd9sLtsJ/6gGQKFzNB+wWbOcpJd7BR8ThNCoKt76BuQahfMvpeA==}
    engines: {node: '>=14.0.0'}

  '@smithy/node-config-provider@2.3.0':
    resolution: {integrity: sha512-0elK5/03a1JPWMDPaS726Iw6LpQg80gFut1tNpPfxFuChEEklo2yL823V94SpTZTxmKlXFtFgsP55uh3dErnIg==}
    engines: {node: '>=14.0.0'}

  '@smithy/node-http-handler@2.5.0':
    resolution: {integrity: sha512-mVGyPBzkkGQsPoxQUbxlEfRjrj6FPyA3u3u2VXGr9hT8wilsoQdZdvKpMBFMB8Crfhv5dNkKHIW0Yyuc7eABqA==}
    engines: {node: '>=14.0.0'}

  '@smithy/property-provider@2.2.0':
    resolution: {integrity: sha512-+xiil2lFhtTRzXkx8F053AV46QnIw6e7MV8od5Mi68E1ICOjCeCHw2XfLnDEUHnT9WGUIkwcqavXjfwuJbGlpg==}
    engines: {node: '>=14.0.0'}

  '@smithy/protocol-http@3.3.0':
    resolution: {integrity: sha512-Xy5XK1AFWW2nlY/biWZXu6/krgbaf2dg0q492D8M5qthsnU2H+UgFeZLbM76FnH7s6RO/xhQRkj+T6KBO3JzgQ==}
    engines: {node: '>=14.0.0'}

  '@smithy/querystring-builder@2.2.0':
    resolution: {integrity: sha512-L1kSeviUWL+emq3CUVSgdogoM/D9QMFaqxL/dd0X7PCNWmPXqt+ExtrBjqT0V7HLN03Vs9SuiLrG3zy3JGnE5A==}
    engines: {node: '>=14.0.0'}

  '@smithy/querystring-parser@2.2.0':
    resolution: {integrity: sha512-BvHCDrKfbG5Yhbpj4vsbuPV2GgcpHiAkLeIlcA1LtfpMz3jrqizP1+OguSNSj1MwBHEiN+jwNisXLGdajGDQJA==}
    engines: {node: '>=14.0.0'}

  '@smithy/service-error-classification@2.1.5':
    resolution: {integrity: sha512-uBDTIBBEdAQryvHdc5W8sS5YX7RQzF683XrHePVdFmAgKiMofU15FLSM0/HU03hKTnazdNRFa0YHS7+ArwoUSQ==}
    engines: {node: '>=14.0.0'}

  '@smithy/shared-ini-file-loader@2.4.0':
    resolution: {integrity: sha512-WyujUJL8e1B6Z4PBfAqC/aGY1+C7T0w20Gih3yrvJSk97gpiVfB+y7c46T4Nunk+ZngLq0rOIdeVeIklk0R3OA==}
    engines: {node: '>=14.0.0'}

  '@smithy/signature-v4@2.3.0':
    resolution: {integrity: sha512-ui/NlpILU+6HAQBfJX8BBsDXuKSNrjTSuOYArRblcrErwKFutjrCNb/OExfVRyj9+26F9J+ZmfWT+fKWuDrH3Q==}
    engines: {node: '>=14.0.0'}

  '@smithy/smithy-client@2.5.1':
    resolution: {integrity: sha512-jrbSQrYCho0yDaaf92qWgd+7nAeap5LtHTI51KXqmpIFCceKU3K9+vIVTUH72bOJngBMqa4kyu1VJhRcSrk/CQ==}
    engines: {node: '>=14.0.0'}

  '@smithy/types@2.12.0':
    resolution: {integrity: sha512-QwYgloJ0sVNBeBuBs65cIkTbfzV/Q6ZNPCJ99EICFEdJYG50nGIY/uYXp+TbsdJReIuPr0a0kXmCvren3MbRRw==}
    engines: {node: '>=14.0.0'}

  '@smithy/url-parser@2.2.0':
    resolution: {integrity: sha512-hoA4zm61q1mNTpksiSWp2nEl1dt3j726HdRhiNgVJQMj7mLp7dprtF57mOB6JvEk/x9d2bsuL5hlqZbBuHQylQ==}

  '@smithy/util-base64@2.3.0':
    resolution: {integrity: sha512-s3+eVwNeJuXUwuMbusncZNViuhv2LjVJ1nMwTqSA0XAC7gjKhqqxRdJPhR8+YrkoZ9IiIbFk/yK6ACe/xlF+hw==}
    engines: {node: '>=14.0.0'}

  '@smithy/util-body-length-browser@2.2.0':
    resolution: {integrity: sha512-dtpw9uQP7W+n3vOtx0CfBD5EWd7EPdIdsQnWTDoFf77e3VUf05uA7R7TGipIo8e4WL2kuPdnsr3hMQn9ziYj5w==}

  '@smithy/util-body-length-node@2.3.0':
    resolution: {integrity: sha512-ITWT1Wqjubf2CJthb0BuT9+bpzBfXeMokH/AAa5EJQgbv9aPMVfnM76iFIZVFf50hYXGbtiV71BHAthNWd6+dw==}
    engines: {node: '>=14.0.0'}

  '@smithy/util-buffer-from@2.2.0':
    resolution: {integrity: sha512-IJdWBbTcMQ6DA0gdNhh/BwrLkDR+ADW5Kr1aZmd4k3DIF6ezMV4R2NIAmT08wQJ3yUK82thHWmC/TnK/wpMMIA==}
    engines: {node: '>=14.0.0'}

  '@smithy/util-config-provider@2.3.0':
    resolution: {integrity: sha512-HZkzrRcuFN1k70RLqlNK4FnPXKOpkik1+4JaBoHNJn+RnJGYqaa3c5/+XtLOXhlKzlRgNvyaLieHTW2VwGN0VQ==}
    engines: {node: '>=14.0.0'}

  '@smithy/util-defaults-mode-browser@2.2.1':
    resolution: {integrity: sha512-RtKW+8j8skk17SYowucwRUjeh4mCtnm5odCL0Lm2NtHQBsYKrNW0od9Rhopu9wF1gHMfHeWF7i90NwBz/U22Kw==}
    engines: {node: '>= 10.0.0'}

  '@smithy/util-defaults-mode-node@2.3.1':
    resolution: {integrity: sha512-vkMXHQ0BcLFysBMWgSBLSk3+leMpFSyyFj8zQtv5ZyUBx8/owVh1/pPEkzmW/DR/Gy/5c8vjLDD9gZjXNKbrpA==}
    engines: {node: '>= 10.0.0'}

  '@smithy/util-hex-encoding@2.2.0':
    resolution: {integrity: sha512-7iKXR+/4TpLK194pVjKiasIyqMtTYJsgKgM242Y9uzt5dhHnUDvMNb+3xIhRJ9QhvqGii/5cRUt4fJn3dtXNHQ==}
    engines: {node: '>=14.0.0'}

  '@smithy/util-middleware@2.2.0':
    resolution: {integrity: sha512-L1qpleXf9QD6LwLCJ5jddGkgWyuSvWBkJwWAZ6kFkdifdso+sk3L3O1HdmPvCdnCK3IS4qWyPxev01QMnfHSBw==}
    engines: {node: '>=14.0.0'}

  '@smithy/util-retry@2.2.0':
    resolution: {integrity: sha512-q9+pAFPTfftHXRytmZ7GzLFFrEGavqapFc06XxzZFcSIGERXMerXxCitjOG1prVDR9QdjqotF40SWvbqcCpf8g==}
    engines: {node: '>= 14.0.0'}

  '@smithy/util-stream@2.2.0':
    resolution: {integrity: sha512-17faEXbYWIRst1aU9SvPZyMdWmqIrduZjVOqCPMIsWFNxs5yQQgFrJL6b2SdiCzyW9mJoDjFtgi53xx7EH+BXA==}
    engines: {node: '>=14.0.0'}

  '@smithy/util-uri-escape@2.2.0':
    resolution: {integrity: sha512-jtmJMyt1xMD/d8OtbVJ2gFZOSKc+ueYJZPW20ULW1GOp/q/YIM0wNh+u8ZFao9UaIGz4WoPW8hC64qlWLIfoDA==}
    engines: {node: '>=14.0.0'}

  '@smithy/util-utf8@2.3.0':
    resolution: {integrity: sha512-R8Rdn8Hy72KKcebgLiv8jQcQkXoLMOGGv5uI1/k0l+snqkOzQ1R0ChUBCxWMlBsFMekWjq0wRudIweFs7sKT5A==}
    engines: {node: '>=14.0.0'}

  '@smithy/util-waiter@2.2.0':
    resolution: {integrity: sha512-IHk53BVw6MPMi2Gsn+hCng8rFA3ZmR3Rk7GllxDUW9qFJl/hiSvskn7XldkECapQVkIg/1dHpMAxI9xSTaLLSA==}
    engines: {node: '>=14.0.0'}

  '@tsconfig/node10@1.0.11':
    resolution: {integrity: sha512-DcRjDCujK/kCk/cUe8Xz8ZSpm8mS3mNNpta+jGCA6USEDfktlNvm1+IuZ9eTcDbNk41BHwpHHeW+N1lKCz4zOw==}

  '@tsconfig/node12@1.0.11':
    resolution: {integrity: sha512-cqefuRsh12pWyGsIoBKJA9luFu3mRxCA+ORZvA4ktLSzIuCUtWVxGIuXigEwO5/ywWFMZ2QEGKWvkZG1zDMTag==}

  '@tsconfig/node14@1.0.3':
    resolution: {integrity: sha512-ysT8mhdixWK6Hw3i1V2AeRqZ5WfXg1G43mqoYlM2nc6388Fq5jcXyr5mRsqViLx/GJYdoL0bfXD8nmF+Zn/Iow==}

  '@tsconfig/node16@1.0.4':
    resolution: {integrity: sha512-vxhUy4J8lyeyinH7Azl1pdd43GJhZH/tP2weN8TntQblOY+A0XbT8DJk1/oCPuOOyg/Ja757rG0CgHcWC8OfMA==}

  '@types/node@22.5.4':
    resolution: {integrity: sha512-FDuKUJQm/ju9fT/SeX/6+gBzoPzlVCzfzmGkwKvRHQVxi4BntVbyIwf6a4Xn62mrvndLiml6z/UBXIdEVjQLXg==}

  '@types/uuid@9.0.8':
    resolution: {integrity: sha512-jg+97EGIcY9AGHJJRaaPVgetKDsrTgbRjQ5Msgjh/DQKEFl0DtyRr/VCOyD1T2R1MNeWPK/u7JoGhlDZnKBAfA==}

  acorn-walk@8.3.4:
    resolution: {integrity: sha512-ueEepnujpqee2o5aIYnvHU6C0A42MNdsIDeqy5BydrkuC5R1ZuUFnm27EeFJGoEHJQgn3uleRvmTXaJgfXbt4g==}
    engines: {node: '>=0.4.0'}

  acorn@8.12.1:
    resolution: {integrity: sha512-tcpGyI9zbizT9JbV6oYE477V6mTlXvvi0T0G3SNIYE2apm/G5huBa1+K89VGeovbg+jycCrfhl3ADxErOuO6Jg==}
    engines: {node: '>=0.4.0'}
    hasBin: true

  arg@4.1.3:
    resolution: {integrity: sha512-58S9QDqG0Xx27YwPSt9fJxivjYl432YCwfDMfZ+71RAqUrZef7LrKQZ3LHLOwCS4FLNBplP533Zx895SeOCHvA==}

  aws-cdk@2.160.0:
    resolution: {integrity: sha512-JquccawrU2dp0cS80my65oLLNRUJZflKRKIRSVjQ1A9W4bNns/xhSqaVlL41NAsGSYBWxCzzWHrV3yOFShU87A==}
    engines: {node: '>= 14.15.0'}
    hasBin: true

  bowser@2.11.0:
    resolution: {integrity: sha512-AlcaJBi/pqqJBIQ8U9Mcpc9i8Aqxn88Skv5d+xBX006BY5u8N3mGLHa5Lgppa7L/HfwgwLgZ6NYs+Ag6uUmJRA==}

  create-require@1.1.1:
    resolution: {integrity: sha512-dcKFX3jn0MpIaXjisoRvexIJVEKzaq7z2rZKxf+MSr9TkdmHmsU4m2lcLojrj/FHl8mk5VxMmYA+ftRkP/3oKQ==}

  diff@4.0.2:
    resolution: {integrity: sha512-58lmxKSA4BNyLz+HHMUzlOEpg09FV+ev6ZMe3vJihgdxzgcwZ8VoEEPmALCZG9LmqfVoNMMKpttIYTVG6uDY7A==}
    engines: {node: '>=0.3.1'}

  fast-xml-parser@4.2.5:
    resolution: {integrity: sha512-B9/wizE4WngqQftFPmdaMYlXoJlJOYxGQOanC77fq9k8+Z0v5dDSVh+3glErdIROP//s/jgb7ZuxKfB8nVyo0g==}
    hasBin: true

  fsevents@2.3.2:
    resolution: {integrity: sha512-xiqMQR4xAeHTuB9uWm+fFRcIOgKBMiOBP+eXiyT7jsgVCq1bkVygt00oASowB7EdtpOHaaPgKt812P9ab+DDKA==}
    engines: {node: ^8.16.0 || ^10.6.0 || >=11.0.0}
    os: [darwin]

  make-error@1.3.6:
    resolution: {integrity: sha512-s8UhlNe7vPKomQhC1qFelMokr/Sc3AgNbso3n74mVPA5LTZwkB9NlXf4XPamLxJE8h0gh73rM94xvwRT2CVInw==}

  mnemonist@0.38.3:
    resolution: {integrity: sha512-2K9QYubXx/NAjv4VLq1d1Ly8pWNC5L3BrixtdkyTegXWJIqY+zLNDhhX/A+ZwWt70tB1S8H4BE8FLYEFyNoOBw==}

  obliterator@1.6.1:
    resolution: {integrity: sha512-9WXswnqINnnhOG/5SLimUlzuU1hFJUc8zkwyD59Sd+dPOMf05PmnYG/d6Q7HZ+KmgkZJa1PxRso6QdM3sTNHig==}

  strnum@1.0.5:
    resolution: {integrity: sha512-J8bbNyKKXl5qYcR36TIO8W3mVGVHrmmxsd5PAItGkmyzwJvybiw2IVq5nqd0i4LSNSkB/sx9VHllbfFdr9k1JA==}

  ts-node@10.9.2:
    resolution: {integrity: sha512-f0FFpIdcHgn8zcPSbf1dRevwt047YMnaiJM3u2w2RewrB+fob/zePZcrOyQoLMMO7aBIddLcQIEK5dYjkLnGrQ==}
    hasBin: true
    peerDependencies:
      '@swc/core': '>=1.2.50'
      '@swc/wasm': '>=1.2.50'
      '@types/node': '*'
      typescript: '>=2.7'
    peerDependenciesMeta:
      '@swc/core':
        optional: true
      '@swc/wasm':
        optional: true

  tslib@1.14.1:
    resolution: {integrity: sha512-Xni35NKzjgMrwevysHTCArtLDpPvye8zV/0E4EyYn43P7/7qvQwPh9BGkHewbMulVntbigmcT7rdX3BNo9wRJg==}

  tslib@2.7.0:
    resolution: {integrity: sha512-gLXCKdN1/j47AiHiOkJN69hJmcbGTHI0ImLmbYLHykhgeN0jVGola9yVjFgzCUklsZQMW55o+dW7IXv3RCXDzA==}

  typescript@5.6.2:
    resolution: {integrity: sha512-NW8ByodCSNCwZeghjN3o+JX5OFH0Ojg6sadjEKY4huZ52TqbJTJnDo5+Tw98lSy63NZvi4n+ez5m2u5d4PkZyw==}
    engines: {node: '>=14.17'}
    hasBin: true

  undici-types@6.19.8:
    resolution: {integrity: sha512-ve2KP6f/JnbPBFyobGHuerC9g1FYGn/F8n1LWTwNxCEzd6IfqTwUQcNXgEtmmQ6DlRrC1hrSrBnCZPokRrDHjw==}

  uuid@8.3.2:
    resolution: {integrity: sha512-+NYs2QeMWy+GWFOEm9xnn6HCDp0l7QBD7ml8zLUmJ+93Q5NF0NocErnwkTkXVFNiX3/fpC6afS8Dhb/gz7R7eg==}
    hasBin: true

  uuid@9.0.1:
    resolution: {integrity: sha512-b+1eJOlsR9K8HJpow9Ok3fiWOWSIcIzXodvv0rQjVoOVNpWMpxf1wZNpt4y9h10odCNrqnYp1OBzRktckBe3sA==}
    hasBin: true

  v8-compile-cache-lib@3.0.1:
    resolution: {integrity: sha512-wa7YjyUGfNZngI/vtK0UHAN+lgDCxBPCylVXGp0zu59Fz5aiGtNXaq3DhIov063MorB+VfufLh3JlF2KdTK3xg==}

  yn@3.1.1:
    resolution: {integrity: sha512-Ux4ygGWsu2c7isFWe8Yu1YluJmqVhxqK2cLXNQA5AcC3QfbGNpM7fu0Y8b/z16pXLnFxZYvWhd3fhBY9DLmC6Q==}
    engines: {node: '>=6'}

snapshots:

  '@aws-crypto/ie11-detection@3.0.0':
    dependencies:
      tslib: 1.14.1

  '@aws-crypto/sha256-browser@3.0.0':
    dependencies:
      '@aws-crypto/ie11-detection': 3.0.0
      '@aws-crypto/sha256-js': 3.0.0
      '@aws-crypto/supports-web-crypto': 3.0.0
      '@aws-crypto/util': 3.0.0
      '@aws-sdk/types': 3.428.0
      '@aws-sdk/util-locate-window': 3.568.0
      '@aws-sdk/util-utf8-browser': 3.259.0
      tslib: 1.14.1

  '@aws-crypto/sha256-js@3.0.0':
    dependencies:
      '@aws-crypto/util': 3.0.0
      '@aws-sdk/types': 3.428.0
      tslib: 1.14.1

  '@aws-crypto/supports-web-crypto@3.0.0':
    dependencies:
      tslib: 1.14.1

  '@aws-crypto/util@3.0.0':
    dependencies:
      '@aws-sdk/types': 3.428.0
      '@aws-sdk/util-utf8-browser': 3.259.0
      tslib: 1.14.1

  '@aws-sdk/client-dynamodb@3.428.0':
    dependencies:
      '@aws-crypto/sha256-browser': 3.0.0
      '@aws-crypto/sha256-js': 3.0.0
      '@aws-sdk/client-sts': 3.428.0
      '@aws-sdk/credential-provider-node': 3.428.0
      '@aws-sdk/middleware-endpoint-discovery': 3.428.0
      '@aws-sdk/middleware-host-header': 3.428.0
      '@aws-sdk/middleware-logger': 3.428.0
      '@aws-sdk/middleware-recursion-detection': 3.428.0
      '@aws-sdk/middleware-signing': 3.428.0
      '@aws-sdk/middleware-user-agent': 3.428.0
      '@aws-sdk/region-config-resolver': 3.428.0
      '@aws-sdk/types': 3.428.0
      '@aws-sdk/util-endpoints': 3.428.0
      '@aws-sdk/util-user-agent-browser': 3.428.0
      '@aws-sdk/util-user-agent-node': 3.428.0
      '@smithy/config-resolver': 2.2.0
      '@smithy/fetch-http-handler': 2.5.0
      '@smithy/hash-node': 2.2.0
      '@smithy/invalid-dependency': 2.2.0
      '@smithy/middleware-content-length': 2.2.0
      '@smithy/middleware-endpoint': 2.5.1
      '@smithy/middleware-retry': 2.3.1
      '@smithy/middleware-serde': 2.3.0
      '@smithy/middleware-stack': 2.2.0
      '@smithy/node-config-provider': 2.3.0
      '@smithy/node-http-handler': 2.5.0
      '@smithy/protocol-http': 3.3.0
      '@smithy/smithy-client': 2.5.1
      '@smithy/types': 2.12.0
      '@smithy/url-parser': 2.2.0
      '@smithy/util-base64': 2.3.0
      '@smithy/util-body-length-browser': 2.2.0
      '@smithy/util-body-length-node': 2.3.0
      '@smithy/util-defaults-mode-browser': 2.2.1
      '@smithy/util-defaults-mode-node': 2.3.1
      '@smithy/util-retry': 2.2.0
      '@smithy/util-utf8': 2.3.0
      '@smithy/util-waiter': 2.2.0
      tslib: 2.7.0
      uuid: 8.3.2
    transitivePeerDependencies:
      - aws-crt

  '@aws-sdk/client-sso@3.428.0':
    dependencies:
      '@aws-crypto/sha256-browser': 3.0.0
      '@aws-crypto/sha256-js': 3.0.0
      '@aws-sdk/middleware-host-header': 3.428.0
      '@aws-sdk/middleware-logger': 3.428.0
      '@aws-sdk/middleware-recursion-detection': 3.428.0
      '@aws-sdk/middleware-user-agent': 3.428.0
      '@aws-sdk/region-config-resolver': 3.428.0
      '@aws-sdk/types': 3.428.0
      '@aws-sdk/util-endpoints': 3.428.0
      '@aws-sdk/util-user-agent-browser': 3.428.0
      '@aws-sdk/util-user-agent-node': 3.428.0
      '@smithy/config-resolver': 2.2.0
      '@smithy/fetch-http-handler': 2.5.0
      '@smithy/hash-node': 2.2.0
      '@smithy/invalid-dependency': 2.2.0
      '@smithy/middleware-content-length': 2.2.0
      '@smithy/middleware-endpoint': 2.5.1
      '@smithy/middleware-retry': 2.3.1
      '@smithy/middleware-serde': 2.3.0
      '@smithy/middleware-stack': 2.2.0
      '@smithy/node-config-provider': 2.3.0
      '@smithy/node-http-handler': 2.5.0
      '@smithy/protocol-http': 3.3.0
      '@smithy/smithy-client': 2.5.1
      '@smithy/types': 2.12.0
      '@smithy/url-parser': 2.2.0
      '@smithy/util-base64': 2.3.0
      '@smithy/util-body-length-browser': 2.2.0
      '@smithy/util-body-length-node': 2.3.0
      '@smithy/util-defaults-mode-browser': 2.2.1
      '@smithy/util-defaults-mode-node': 2.3.1
      '@smithy/util-retry': 2.2.0
      '@smithy/util-utf8': 2.3.0
      tslib: 2.7.0
    transitivePeerDependencies:
      - aws-crt

  '@aws-sdk/client-sts@3.428.0':
    dependencies:
      '@aws-crypto/sha256-browser': 3.0.0
      '@aws-crypto/sha256-js': 3.0.0
      '@aws-sdk/credential-provider-node': 3.428.0
      '@aws-sdk/middleware-host-header': 3.428.0
      '@aws-sdk/middleware-logger': 3.428.0
      '@aws-sdk/middleware-recursion-detection': 3.428.0
      '@aws-sdk/middleware-sdk-sts': 3.428.0
      '@aws-sdk/middleware-signing': 3.428.0
      '@aws-sdk/middleware-user-agent': 3.428.0
      '@aws-sdk/region-config-resolver': 3.428.0
      '@aws-sdk/types': 3.428.0
      '@aws-sdk/util-endpoints': 3.428.0
      '@aws-sdk/util-user-agent-browser': 3.428.0
      '@aws-sdk/util-user-agent-node': 3.428.0
      '@smithy/config-resolver': 2.2.0
      '@smithy/fetch-http-handler': 2.5.0
      '@smithy/hash-node': 2.2.0
      '@smithy/invalid-dependency': 2.2.0
      '@smithy/middleware-content-length': 2.2.0
      '@smithy/middleware-endpoint': 2.5.1
      '@smithy/middleware-retry': 2.3.1
      '@smithy/middleware-serde': 2.3.0
      '@smithy/middleware-stack': 2.2.0
      '@smithy/node-config-provider': 2.3.0
      '@smithy/node-http-handler': 2.5.0
      '@smithy/protocol-http': 3.3.0
      '@smithy/smithy-client': 2.5.1
      '@smithy/types': 2.12.0
      '@smithy/url-parser': 2.2.0
      '@smithy/util-base64': 2.3.0
      '@smithy/util-body-length-browser': 2.2.0
      '@smithy/util-body-length-node': 2.3.0
      '@smithy/util-defaults-mode-browser': 2.2.1
      '@smithy/util-defaults-mode-node': 2.3.1
      '@smithy/util-retry': 2.2.0
      '@smithy/util-utf8': 2.3.0
      fast-xml-parser: 4.2.5
      tslib: 2.7.0
    transitivePeerDependencies:
      - aws-crt

  '@aws-sdk/credential-provider-env@3.428.0':
    dependencies:
      '@aws-sdk/types': 3.428.0
      '@smithy/property-provider': 2.2.0
      '@smithy/types': 2.12.0
      tslib: 2.7.0

  '@aws-sdk/credential-provider-ini@3.428.0':
    dependencies:
      '@aws-sdk/credential-provider-env': 3.428.0
      '@aws-sdk/credential-provider-process': 3.428.0
      '@aws-sdk/credential-provider-sso': 3.428.0
      '@aws-sdk/credential-provider-web-identity': 3.428.0
      '@aws-sdk/types': 3.428.0
      '@smithy/credential-provider-imds': 2.3.0
      '@smithy/property-provider': 2.2.0
      '@smithy/shared-ini-file-loader': 2.4.0
      '@smithy/types': 2.12.0
      tslib: 2.7.0
    transitivePeerDependencies:
      - aws-crt

  '@aws-sdk/credential-provider-node@3.428.0':
    dependencies:
      '@aws-sdk/credential-provider-env': 3.428.0
      '@aws-sdk/credential-provider-ini': 3.428.0
      '@aws-sdk/credential-provider-process': 3.428.0
      '@aws-sdk/credential-provider-sso': 3.428.0
      '@aws-sdk/credential-provider-web-identity': 3.428.0
      '@aws-sdk/types': 3.428.0
      '@smithy/credential-provider-imds': 2.3.0
      '@smithy/property-provider': 2.2.0
      '@smithy/shared-ini-file-loader': 2.4.0
      '@smithy/types': 2.12.0
      tslib: 2.7.0
    transitivePeerDependencies:
      - aws-crt

  '@aws-sdk/credential-provider-process@3.428.0':
    dependencies:
      '@aws-sdk/types': 3.428.0
      '@smithy/property-provider': 2.2.0
      '@smithy/shared-ini-file-loader': 2.4.0
      '@smithy/types': 2.12.0
      tslib: 2.7.0

  '@aws-sdk/credential-provider-sso@3.428.0':
    dependencies:
      '@aws-sdk/client-sso': 3.428.0
      '@aws-sdk/token-providers': 3.428.0
      '@aws-sdk/types': 3.428.0
      '@smithy/property-provider': 2.2.0
      '@smithy/shared-ini-file-loader': 2.4.0
      '@smithy/types': 2.12.0
      tslib: 2.7.0
    transitivePeerDependencies:
      - aws-crt

  '@aws-sdk/credential-provider-web-identity@3.428.0':
    dependencies:
      '@aws-sdk/types': 3.428.0
      '@smithy/property-provider': 2.2.0
      '@smithy/types': 2.12.0
      tslib: 2.7.0

  '@aws-sdk/endpoint-cache@3.310.0':
    dependencies:
      mnemonist: 0.38.3
      tslib: 2.7.0

  '@aws-sdk/lib-dynamodb@3.428.0(@aws-sdk/client-dynamodb@3.428.0)':
    dependencies:
      '@aws-sdk/client-dynamodb': 3.428.0
      '@aws-sdk/util-dynamodb': 3.428.0(@aws-sdk/client-dynamodb@3.428.0)
      tslib: 2.7.0

  '@aws-sdk/middleware-endpoint-discovery@3.428.0':
    dependencies:
      '@aws-sdk/endpoint-cache': 3.310.0
      '@aws-sdk/types': 3.428.0
      '@smithy/node-config-provider': 2.3.0
      '@smithy/protocol-http': 3.3.0
      '@smithy/types': 2.12.0
      tslib: 2.7.0

  '@aws-sdk/middleware-host-header@3.428.0':
    dependencies:
      '@aws-sdk/types': 3.428.0
      '@smithy/protocol-http': 3.3.0
      '@smithy/types': 2.12.0
      tslib: 2.7.0

  '@aws-sdk/middleware-logger@3.428.0':
    dependencies:
      '@aws-sdk/types': 3.428.0
      '@smithy/types': 2.12.0
      tslib: 2.7.0

  '@aws-sdk/middleware-recursion-detection@3.428.0':
    dependencies:
      '@aws-sdk/types': 3.428.0
      '@smithy/protocol-http': 3.3.0
      '@smithy/types': 2.12.0
      tslib: 2.7.0

  '@aws-sdk/middleware-sdk-sts@3.428.0':
    dependencies:
      '@aws-sdk/middleware-signing': 3.428.0
      '@aws-sdk/types': 3.428.0
      '@smithy/types': 2.12.0
      tslib: 2.7.0

  '@aws-sdk/middleware-signing@3.428.0':
    dependencies:
      '@aws-sdk/types': 3.428.0
      '@smithy/property-provider': 2.2.0
      '@smithy/protocol-http': 3.3.0
      '@smithy/signature-v4': 2.3.0
      '@smithy/types': 2.12.0
      '@smithy/util-middleware': 2.2.0
      tslib: 2.7.0

  '@aws-sdk/middleware-user-agent@3.428.0':
    dependencies:
      '@aws-sdk/types': 3.428.0
      '@aws-sdk/util-endpoints': 3.428.0
      '@smithy/protocol-http': 3.3.0
      '@smithy/types': 2.12.0
      tslib: 2.7.0

  '@aws-sdk/region-config-resolver@3.428.0':
    dependencies:
      '@smithy/node-config-provider': 2.3.0
      '@smithy/types': 2.12.0
      '@smithy/util-config-provider': 2.3.0
      '@smithy/util-middleware': 2.2.0
      tslib: 2.7.0

  '@aws-sdk/token-providers@3.428.0':
    dependencies:
      '@aws-crypto/sha256-browser': 3.0.0
      '@aws-crypto/sha256-js': 3.0.0
      '@aws-sdk/middleware-host-header': 3.428.0
      '@aws-sdk/middleware-logger': 3.428.0
      '@aws-sdk/middleware-recursion-detection': 3.428.0
      '@aws-sdk/middleware-user-agent': 3.428.0
      '@aws-sdk/types': 3.428.0
      '@aws-sdk/util-endpoints': 3.428.0
      '@aws-sdk/util-user-agent-browser': 3.428.0
      '@aws-sdk/util-user-agent-node': 3.428.0
      '@smithy/config-resolver': 2.2.0
      '@smithy/fetch-http-handler': 2.5.0
      '@smithy/hash-node': 2.2.0
      '@smithy/invalid-dependency': 2.2.0
      '@smithy/middleware-content-length': 2.2.0
      '@smithy/middleware-endpoint': 2.5.1
      '@smithy/middleware-retry': 2.3.1
      '@smithy/middleware-serde': 2.3.0
      '@smithy/middleware-stack': 2.2.0
      '@smithy/node-config-provider': 2.3.0
      '@smithy/node-http-handler': 2.5.0
      '@smithy/property-provider': 2.2.0
      '@smithy/protocol-http': 3.3.0
      '@smithy/shared-ini-file-loader': 2.4.0
      '@smithy/smithy-client': 2.5.1
      '@smithy/types': 2.12.0
      '@smithy/url-parser': 2.2.0
      '@smithy/util-base64': 2.3.0
      '@smithy/util-body-length-browser': 2.2.0
      '@smithy/util-body-length-node': 2.3.0
      '@smithy/util-defaults-mode-browser': 2.2.1
      '@smithy/util-defaults-mode-node': 2.3.1
      '@smithy/util-retry': 2.2.0
      '@smithy/util-utf8': 2.3.0
      tslib: 2.7.0
    transitivePeerDependencies:
      - aws-crt

  '@aws-sdk/types@3.428.0':
    dependencies:
      '@smithy/types': 2.12.0
      tslib: 2.7.0

  '@aws-sdk/util-dynamodb@3.428.0(@aws-sdk/client-dynamodb@3.428.0)':
    dependencies:
      '@aws-sdk/client-dynamodb': 3.428.0
      tslib: 2.7.0

  '@aws-sdk/util-endpoints@3.428.0':
    dependencies:
      '@aws-sdk/types': 3.428.0
      tslib: 2.7.0

  '@aws-sdk/util-locate-window@3.568.0':
    dependencies:
      tslib: 2.7.0

  '@aws-sdk/util-user-agent-browser@3.428.0':
    dependencies:
      '@aws-sdk/types': 3.428.0
      '@smithy/types': 2.12.0
      bowser: 2.11.0
      tslib: 2.7.0

  '@aws-sdk/util-user-agent-node@3.428.0':
    dependencies:
      '@aws-sdk/types': 3.428.0
      '@smithy/node-config-provider': 2.3.0
      '@smithy/types': 2.12.0
      tslib: 2.7.0

  '@aws-sdk/util-utf8-browser@3.259.0':
    dependencies:
      tslib: 2.7.0

  '@cspotcode/source-map-support@0.8.1':
    dependencies:
      '@jridgewell/trace-mapping': 0.3.9

  '@jridgewell/resolve-uri@3.1.2': {}

  '@jridgewell/sourcemap-codec@1.5.0': {}

  '@jridgewell/trace-mapping@0.3.9':
    dependencies:
      '@jridgewell/resolve-uri': 3.1.2
      '@jridgewell/sourcemap-codec': 1.5.0

  '@smithy/abort-controller@2.2.0':
    dependencies:
      '@smithy/types': 2.12.0
      tslib: 2.7.0

  '@smithy/config-resolver@2.2.0':
    dependencies:
      '@smithy/node-config-provider': 2.3.0
      '@smithy/types': 2.12.0
      '@smithy/util-config-provider': 2.3.0
      '@smithy/util-middleware': 2.2.0
      tslib: 2.7.0

  '@smithy/credential-provider-imds@2.3.0':
    dependencies:
      '@smithy/node-config-provider': 2.3.0
      '@smithy/property-provider': 2.2.0
      '@smithy/types': 2.12.0
      '@smithy/url-parser': 2.2.0
      tslib: 2.7.0

  '@smithy/fetch-http-handler@2.5.0':
    dependencies:
      '@smithy/protocol-http': 3.3.0
      '@smithy/querystring-builder': 2.2.0
      '@smithy/types': 2.12.0
      '@smithy/util-base64': 2.3.0
      tslib: 2.7.0

  '@smithy/hash-node@2.2.0':
    dependencies:
      '@smithy/types': 2.12.0
      '@smithy/util-buffer-from': 2.2.0
      '@smithy/util-utf8': 2.3.0
      tslib: 2.7.0

  '@smithy/invalid-dependency@2.2.0':
    dependencies:
      '@smithy/types': 2.12.0
      tslib: 2.7.0

  '@smithy/is-array-buffer@2.2.0':
    dependencies:
      tslib: 2.7.0

  '@smithy/middleware-content-length@2.2.0':
    dependencies:
      '@smithy/protocol-http': 3.3.0
      '@smithy/types': 2.12.0
      tslib: 2.7.0

  '@smithy/middleware-endpoint@2.5.1':
    dependencies:
      '@smithy/middleware-serde': 2.3.0
      '@smithy/node-config-provider': 2.3.0
      '@smithy/shared-ini-file-loader': 2.4.0
      '@smithy/types': 2.12.0
      '@smithy/url-parser': 2.2.0
      '@smithy/util-middleware': 2.2.0
      tslib: 2.7.0

  '@smithy/middleware-retry@2.3.1':
    dependencies:
      '@smithy/node-config-provider': 2.3.0
      '@smithy/protocol-http': 3.3.0
      '@smithy/service-error-classification': 2.1.5
      '@smithy/smithy-client': 2.5.1
      '@smithy/types': 2.12.0
      '@smithy/util-middleware': 2.2.0
      '@smithy/util-retry': 2.2.0
      tslib: 2.7.0
      uuid: 9.0.1

  '@smithy/middleware-serde@2.3.0':
    dependencies:
      '@smithy/types': 2.12.0
      tslib: 2.7.0

  '@smithy/middleware-stack@2.2.0':
    dependencies:
      '@smithy/types': 2.12.0
      tslib: 2.7.0

  '@smithy/node-config-provider@2.3.0':
    dependencies:
      '@smithy/property-provider': 2.2.0
      '@smithy/shared-ini-file-loader': 2.4.0
      '@smithy/types': 2.12.0
      tslib: 2.7.0

  '@smithy/node-http-handler@2.5.0':
    dependencies:
      '@smithy/abort-controller': 2.2.0
      '@smithy/protocol-http': 3.3.0
      '@smithy/querystring-builder': 2.2.0
      '@smithy/types': 2.12.0
      tslib: 2.7.0

  '@smithy/property-provider@2.2.0':
    dependencies:
      '@smithy/types': 2.12.0
      tslib: 2.7.0

  '@smithy/protocol-http@3.3.0':
    dependencies:
      '@smithy/types': 2.12.0
      tslib: 2.7.0

  '@smithy/querystring-builder@2.2.0':
    dependencies:
      '@smithy/types': 2.12.0
      '@smithy/util-uri-escape': 2.2.0
      tslib: 2.7.0

  '@smithy/querystring-parser@2.2.0':
    dependencies:
      '@smithy/types': 2.12.0
      tslib: 2.7.0

  '@smithy/service-error-classification@2.1.5':
    dependencies:
      '@smithy/types': 2.12.0

  '@smithy/shared-ini-file-loader@2.4.0':
    dependencies:
      '@smithy/types': 2.12.0
      tslib: 2.7.0

  '@smithy/signature-v4@2.3.0':
    dependencies:
      '@smithy/is-array-buffer': 2.2.0
      '@smithy/types': 2.12.0
      '@smithy/util-hex-encoding': 2.2.0
      '@smithy/util-middleware': 2.2.0
      '@smithy/util-uri-escape': 2.2.0
      '@smithy/util-utf8': 2.3.0
      tslib: 2.7.0

  '@smithy/smithy-client@2.5.1':
    dependencies:
      '@smithy/middleware-endpoint': 2.5.1
      '@smithy/middleware-stack': 2.2.0
      '@smithy/protocol-http': 3.3.0
      '@smithy/types': 2.12.0
      '@smithy/util-stream': 2.2.0
      tslib: 2.7.0

  '@smithy/types@2.12.0':
    dependencies:
      tslib: 2.7.0

  '@smithy/url-parser@2.2.0':
    dependencies:
      '@smithy/querystring-parser': 2.2.0
      '@smithy/types': 2.12.0
      tslib: 2.7.0

  '@smithy/util-base64@2.3.0':
    dependencies:
      '@smithy/util-buffer-from': 2.2.0
      '@smithy/util-utf8': 2.3.0
      tslib: 2.7.0

  '@smithy/util-body-length-browser@2.2.0':
    dependencies:
      tslib: 2.7.0

  '@smithy/util-body-length-node@2.3.0':
    dependencies:
      tslib: 2.7.0

  '@smithy/util-buffer-from@2.2.0':
    dependencies:
      '@smithy/is-array-buffer': 2.2.0
      tslib: 2.7.0

  '@smithy/util-config-provider@2.3.0':
    dependencies:
      tslib: 2.7.0

  '@smithy/util-defaults-mode-browser@2.2.1':
    dependencies:
      '@smithy/property-provider': 2.2.0
      '@smithy/smithy-client': 2.5.1
      '@smithy/types': 2.12.0
      bowser: 2.11.0
      tslib: 2.7.0

  '@smithy/util-defaults-mode-node@2.3.1':
    dependencies:
      '@smithy/config-resolver': 2.2.0
      '@smithy/credential-provider-imds': 2.3.0
      '@smithy/node-config-provider': 2.3.0
      '@smithy/property-provider': 2.2.0
      '@smithy/smithy-client': 2.5.1
      '@smithy/types': 2.12.0
      tslib: 2.7.0

  '@smithy/util-hex-encoding@2.2.0':
    dependencies:
      tslib: 2.7.0

  '@smithy/util-middleware@2.2.0':
    dependencies:
      '@smithy/types': 2.12.0
      tslib: 2.7.0

  '@smithy/util-retry@2.2.0':
    dependencies:
      '@smithy/service-error-classification': 2.1.5
      '@smithy/types': 2.12.0
      tslib: 2.7.0

  '@smithy/util-stream@2.2.0':
    dependencies:
      '@smithy/fetch-http-handler': 2.5.0
      '@smithy/node-http-handler': 2.5.0
      '@smithy/types': 2.12.0
      '@smithy/util-base64': 2.3.0
      '@smithy/util-buffer-from': 2.2.0
      '@smithy/util-hex-encoding': 2.2.0
      '@smithy/util-utf8': 2.3.0
      tslib: 2.7.0

  '@smithy/util-uri-escape@2.2.0':
    dependencies:
      tslib: 2.7.0

  '@smithy/util-utf8@2.3.0':
    dependencies:
      '@smithy/util-buffer-from': 2.2.0
      tslib: 2.7.0

  '@smithy/util-waiter@2.2.0':
    dependencies:
      '@smithy/abort-controller': 2.2.0
      '@smithy/types': 2.12.0
      tslib: 2.7.0

  '@tsconfig/node10@1.0.11': {}

  '@tsconfig/node12@1.0.11': {}

  '@tsconfig/node14@1.0.3': {}

  '@tsconfig/node16@1.0.4': {}

  '@types/node@22.5.4':
    dependencies:
      undici-types: 6.19.8

  '@types/uuid@9.0.8': {}

  acorn-walk@8.3.4:
    dependencies:
      acorn: 8.12.1

  acorn@8.12.1: {}

  arg@4.1.3: {}

  aws-cdk@2.160.0:
    optionalDependencies:
      fsevents: 2.3.2

  bowser@2.11.0: {}

  create-require@1.1.1: {}

  diff@4.0.2: {}

  fast-xml-parser@4.2.5:
    dependencies:
      strnum: 1.0.5

  fsevents@2.3.2:
    optional: true

  make-error@1.3.6: {}

  mnemonist@0.38.3:
    dependencies:
      obliterator: 1.6.1

  obliterator@1.6.1: {}

  strnum@1.0.5: {}

  ts-node@10.9.2(@types/node@22.5.4)(typescript@5.6.2):
    dependencies:
      '@cspotcode/source-map-support': 0.8.1
      '@tsconfig/node10': 1.0.11
      '@tsconfig/node12': 1.0.11
      '@tsconfig/node14': 1.0.3
      '@tsconfig/node16': 1.0.4
      '@types/node': 22.5.4
      acorn: 8.12.1
      acorn-walk: 8.3.4
      arg: 4.1.3
      create-require: 1.1.1
      diff: 4.0.2
      make-error: 1.3.6
      typescript: 5.6.2
      v8-compile-cache-lib: 3.0.1
      yn: 3.1.1

  tslib@1.14.1: {}

  tslib@2.7.0: {}

  typescript@5.6.2: {}

  undici-types@6.19.8: {}

  uuid@8.3.2: {}

  uuid@9.0.1: {}

  v8-compile-cache-lib@3.0.1: {}

  yn@3.1.1: {}
